
Microsoft Visual Studio Solution File, Format Version 12.00
# Visual Studio 14
VisualStudioVersion = 14.0.24720.0
MinimumVisualStudioVersion = 10.0.40219.1
Project("{FAE04EC0-301F-11D3-BF4B-00C04F79EFBC}") = "Election", "Election\Election.csproj", "{AC12995A-F636-4C93-80F5-26ADE92FFCC4}"
EndProject
Project("{FAE04EC0-301F-11D3-BF4B-00C04F79EFBC}") = "ElectionTests", "UnitTestProject1\ElectionTests.csproj", "{7E5B023A-1074-4790-B0C1-4654496BB718}"
EndProject
Global
	GlobalSection(SolutionConfigurationPlatforms) = preSolution
		Debug|Any CPU = Debug|Any CPU
		Release|Any CPU = Release|Any CPU
	EndGlobalSection
	GlobalSection(ProjectConfigurationPlatforms) = postSolution
		{AC12995A-F636-4C93-80F5-26ADE92FFCC4}.Debug|Any CPU.ActiveCfg = Debug|Any CPU
		{AC12995A-F636-4C93-80F5-26ADE92FFCC4}.Debug|Any CPU.Build.0 = Debug|Any CPU
		{AC12995A-F636-4C93-80F5-26ADE92FFCC4}.Release|Any CPU.ActiveCfg = Release|Any CPU
		{AC12995A-F636-4C93-80F5-26ADE92FFCC4}.Release|Any CPU.Build.0 = Release|Any CPU
		{7E5B023A-1074-4790-B0C1-4654496BB718}.Debug|Any CPU.ActiveCfg = Debug|Any CPU
		{7E5B023A-1074-4790-B0C1-4654496BB718}.Debug|Any CPU.Build.0 = Debug|Any CPU
		{7E5B023A-1074-4790-B0C1-4654496BB718}.Release|Any CPU.ActiveCfg = Release|Any CPU
		{7E5B023A-1074-4790-B0C1-4654496BB718}.Release|Any CPU.Build.0 = Release|Any CPU
	EndGlobalSection
	GlobalSection(SolutionProperties) = preSolution
		HideSolutionNode = FALSE
	EndGlobalSection
EndGlobal
